schema: '2.0'
stages:
  compose:
    cmd: python src/compose.py
    deps:
    - path: src/compose.py
      hash: md5
      md5: a82fa30f3df4f1d6f81f4ad67ec98ac4
      size: 517
    - path: src/config.py
      hash: md5
      md5: a7ddfa0a35134b63892a6d7e3bf64818
      size: 1864
    - path: src/data_transformer.py
      hash: md5
      md5: 2ab4a278083e22554f878a29019a177e
      size: 23977
    - path: src/datasets.py
      hash: md5
      md5: 84c909f0587bf5e4460c393d699c4d9d
      size: 572
    - path: src/utils.py
      hash: md5
      md5: ac1b61a398091f00e43715ee0075410f
      size: 381
    outs:
    - path: data/data.pkl
      hash: md5
      md5: 2984ed34c838b39c92bb0653cd21d549
      size: 429301096
  prepare:
    cmd: python src/prepare.py
    deps:
    - path: data/data.pkl
      hash: md5
      md5: 2984ed34c838b39c92bb0653cd21d549
      size: 429301096
    - path: src/config.py
      hash: md5
      md5: a7ddfa0a35134b63892a6d7e3bf64818
      size: 1864
    - path: src/data_transformer.py
      hash: md5
      md5: 2ab4a278083e22554f878a29019a177e
      size: 23977
    - path: src/datasets.py
      hash: md5
      md5: 84c909f0587bf5e4460c393d699c4d9d
      size: 572
    - path: src/prepare.py
      hash: md5
      md5: e01b6e628a613e370baf7c0460a739fd
      size: 5946
    - path: src/utils.py
      hash: md5
      md5: ac1b61a398091f00e43715ee0075410f
      size: 381
    outs:
    - path: data/data_prepared.pkl
      hash: md5
      md5: 457e30030e42049eb2800d6ac406b947
      size: 2414582692
  diagrams:
    cmd: python src/diagrams.py
    deps:
    - path: data/data_prepared.pkl
      hash: md5
      md5: 457e30030e42049eb2800d6ac406b947
      size: 2414582692
    - path: src/config.py
      hash: md5
      md5: a7ddfa0a35134b63892a6d7e3bf64818
      size: 1864
    - path: src/data_transformer.py
      hash: md5
      md5: 2ab4a278083e22554f878a29019a177e
      size: 23977
    - path: src/datasets.py
      hash: md5
      md5: 84c909f0587bf5e4460c393d699c4d9d
      size: 572
    - path: src/diagrams.py
      hash: md5
      md5: db4da36cfdd579bf36f0166c94e09068
      size: 3401
    - path: src/utils.py
      hash: md5
      md5: ac1b61a398091f00e43715ee0075410f
      size: 381
    outs:
    - path: data/diagrams.pkl
      hash: md5
      md5: df0da84a27951e22236e6dcd45bece0f
      size: 751564098
  featurize:
    cmd: python src/featurize.py
    deps:
    - path: data/diagrams.pkl
      hash: md5
      md5: df0da84a27951e22236e6dcd45bece0f
      size: 751564098
    - path: src/config.py
      hash: md5
      md5: a7ddfa0a35134b63892a6d7e3bf64818
      size: 1864
    - path: src/data_transformer.py
      hash: md5
      md5: 2ab4a278083e22554f878a29019a177e
      size: 23977
    - path: src/datasets.py
      hash: md5
      md5: 84c909f0587bf5e4460c393d699c4d9d
      size: 572
    - path: src/featurize.py
      hash: md5
      md5: f29aa24549c7520a0d399813ece45a50
      size: 1327
    - path: src/utils.py
      hash: md5
      md5: ac1b61a398091f00e43715ee0075410f
      size: 381
    outs:
    - path: data/features.pkl
      hash: md5
      md5: b034137a00ae581dfeb923c7611d9bf3
      size: 4655031
